// !$*UTF8*$!
{
	archiveVersion = 1;
	classes = {
	};
	objectVersion = 50;
	objects = {

/* Begin PBXBuildFile section */
		ECAAF6782579C85300545ED1 /* Card.swift in Sources */ = {isa = PBXBuildFile; fileRef = ECAAF6772579C85300545ED1 /* Card.swift */; };
		ECD57CEA2574CD94005BF44A /* AppDelegate.swift in Sources */ = {isa = PBXBuildFile; fileRef = ECD57CE92574CD94005BF44A /* AppDelegate.swift */; };
		ECD57CEC2574CD94005BF44A /* SceneDelegate.swift in Sources */ = {isa = PBXBuildFile; fileRef = ECD57CEB2574CD94005BF44A /* SceneDelegate.swift */; };
		ECD57CEE2574CD94005BF44A /* ViewController.swift in Sources */ = {isa = PBXBuildFile; fileRef = ECD57CED2574CD94005BF44A /* ViewController.swift */; };
		ECD57CF12574CD94005BF44A /* Main.storyboard in Resources */ = {isa = PBXBuildFile; fileRef = ECD57CEF2574CD94005BF44A /* Main.storyboard */; };
		ECD57CF32574CD96005BF44A /* Assets.xcassets in Resources */ = {isa = PBXBuildFile; fileRef = ECD57CF22574CD96005BF44A /* Assets.xcassets */; };
		ECD57CF62574CD96005BF44A /* LaunchScreen.storyboard in Resources */ = {isa = PBXBuildFile; fileRef = ECD57CF42574CD96005BF44A /* LaunchScreen.storyboard */; };
		ECD57CFF2574D042005BF44A /* SettingViewController.swift in Sources */ = {isa = PBXBuildFile; fileRef = ECD57CFE2574D042005BF44A /* SettingViewController.swift */; };
		ECD57D022574D06E005BF44A /* GameViewController.swift in Sources */ = {isa = PBXBuildFile; fileRef = ECD57D012574D06E005BF44A /* GameViewController.swift */; };
		ECD57D052574D09B005BF44A /* ScoreViewController.swift in Sources */ = {isa = PBXBuildFile; fileRef = ECD57D042574D09B005BF44A /* ScoreViewController.swift */; };
/* End PBXBuildFile section */

/* Begin PBXFileReference section */
		ECAAF6772579C85300545ED1 /* Card.swift */ = {isa = PBXFileReference; lastKnownFileType = sourcecode.swift; path = Card.swift; sourceTree = "<group>"; };
		ECD57CE62574CD94005BF44A /* PlayingCards.app */ = {isa = PBXFileReference; explicitFileType = wrapper.application; includeInIndex = 0; path = PlayingCards.app; sourceTree = BUILT_PRODUCTS_DIR; };
		ECD57CE92574CD94005BF44A /* AppDelegate.swift */ = {isa = PBXFileReference; lastKnownFileType = sourcecode.swift; path = AppDelegate.swift; sourceTree = "<group>"; };
		ECD57CEB2574CD94005BF44A /* SceneDelegate.swift */ = {isa = PBXFileReference; lastKnownFileType = sourcecode.swift; path = SceneDelegate.swift; sourceTree = "<group>"; };
		ECD57CED2574CD94005BF44A /* ViewController.swift */ = {isa = PBXFileReference; lastKnownFileType = sourcecode.swift; path = ViewController.swift; sourceTree = "<group>"; };
		ECD57CF02574CD94005BF44A /* Base */ = {isa = PBXFileReference; lastKnownFileType = file.storyboard; name = Base; path = Base.lproj/Main.storyboard; sourceTree = "<group>"; };
		ECD57CF22574CD96005BF44A /* Assets.xcassets */ = {isa = PBXFileReference; lastKnownFileType = folder.assetcatalog; path = Assets.xcassets; sourceTree = "<group>"; };
		ECD57CF52574CD96005BF44A /* Base */ = {isa = PBXFileReference; lastKnownFileType = file.storyboard; name = Base; path = Base.lproj/LaunchScreen.storyboard; sourceTree = "<group>"; };
		ECD57CF72574CD96005BF44A /* Info.plist */ = {isa = PBXFileReference; lastKnownFileType = text.plist.xml; path = Info.plist; sourceTree = "<group>"; };
		ECD57CFE2574D042005BF44A /* SettingViewController.swift */ = {isa = PBXFileReference; lastKnownFileType = sourcecode.swift; path = SettingViewController.swift; sourceTree = "<group>"; };
		ECD57D012574D06E005BF44A /* GameViewController.swift */ = {isa = PBXFileReference; lastKnownFileType = sourcecode.swift; path = GameViewController.swift; sourceTree = "<group>"; };
		ECD57D042574D09B005BF44A /* ScoreViewController.swift */ = {isa = PBXFileReference; lastKnownFileType = sourcecode.swift; path = ScoreViewController.swift; sourceTree = "<group>"; };
/* End PBXFileReference section */

/* Begin PBXFrameworksBuildPhase section */
		ECD57CE32574CD94005BF44A /* Frameworks */ = {
			isa = PBXFrameworksBuildPhase;
			buildActionMask = 2147483647;
			files = (
			);
			runOnlyForDeploymentPostprocessing = 0;
		};
/* End PBXFrameworksBuildPhase section */

/* Begin PBXGroup section */
		ECD57CDD2574CD94005BF44A = {
			isa = PBXGroup;
			children = (
				ECD57CE82574CD94005BF44A /* PlayingCards */,
				ECD57CE72574CD94005BF44A /* Products */,
			);
			sourceTree = "<group>";
		};
		ECD57CE72574CD94005BF44A /* Products */ = {
			isa = PBXGroup;
			children = (
				ECD57CE62574CD94005BF44A /* PlayingCards.app */,
			);
			name = Products;
			sourceTree = "<group>";
		};
		ECD57CE82574CD94005BF44A /* PlayingCards */ = {
			isa = PBXGroup;
			children = (
				ECD57CE92574CD94005BF44A /* AppDelegate.swift */,
				ECD57CEB2574CD94005BF44A /* SceneDelegate.swift */,
				ECD57CED2574CD94005BF44A /* ViewController.swift */,
				ECD57CEF2574CD94005BF44A /* Main.storyboard */,
				ECD57CFE2574D042005BF44A /* SettingViewController.swift */,
				ECD57D012574D06E005BF44A /* GameViewController.swift */,
				ECAAF6772579C85300545ED1 /* Card.swift */,
				ECD57D042574D09B005BF44A /* ScoreViewController.swift */,
				ECD57CF22574CD96005BF44A /* Assets.xcassets */,
				ECD57CF42574CD96005BF44A /* LaunchScreen.storyboard */,
				ECD57CF72574CD96005BF44A /* Info.plist */,
			);
			path = PlayingCards;
			sourceTree = "<group>";
		};
/* End PBXGroup section */

/* Begin PBXNativeTarget section */
		ECD57CE52574CD94005BF44A /* PlayingCards */ = {
			isa = PBXNativeTarget;
			buildConfigurationList = ECD57CFA2574CD96005BF44A /* Build configuration list for PBXNativeTarget "PlayingCards" */;
			buildPhases = (
				ECD57CE22574CD94005BF44A /* Sources */,
				ECD57CE32574CD94005BF44A /* Frameworks */,
				ECD57CE42574CD94005BF44A /* Resources */,
			);
			buildRules = (
			);
			dependencies = (
			);
			name = PlayingCards;
			productName = PlayingCards;
			productReference = ECD57CE62574CD94005BF44A /* PlayingCards.app */;
			productType = "com.apple.product-type.application";
		};
/* End PBXNativeTarget section */

/* Begin PBXProject section */
		ECD57CDE2574CD94005BF44A /* Project object */ = {
			isa = PBXProject;
			attributes = {
				LastSwiftUpdateCheck = 1220;
				LastUpgradeCheck = 1220;
				TargetAttributes = {
					ECD57CE52574CD94005BF44A = {
						CreatedOnToolsVersion = 12.2;
					};
				};
			};
			buildConfigurationList = ECD57CE12574CD94005BF44A /* Build configuration list for PBXProject "PlayingCards" */;
			compatibilityVersion = "Xcode 9.3";
			developmentRegion = en;
			hasScannedForEncodings = 0;
			knownRegions = (
				en,
				Base,
			);
			mainGroup = ECD57CDD2574CD94005BF44A;
			productRefGroup = ECD57CE72574CD94005BF44A /* Products */;
			projectDirPath = "";
			projectRoot = "";
			targets = (
				ECD57CE52574CD94005BF44A /* PlayingCards */,
			);
		};
/* End PBXProject section */

/* Begin PBXResourcesBuildPhase section */
		ECD57CE42574CD94005BF44A /* Resources */ = {
			isa = PBXResourcesBuildPhase;
			buildActionMask = 2147483647;
			files = (
				ECD57CF62574CD96005BF44A /* LaunchScreen.storyboard in Resources */,
				ECD57CF32574CD96005BF44A /* Assets.xcassets in Resources */,
				ECD57CF12574CD94005BF44A /* Main.storyboard in Resources */,
			);
			runOnlyForDeploymentPostprocessing = 0;
		};
/* End PBXResourcesBuildPhase section */

/* Begin PBXSourcesBuildPhase section */
		ECD57CE22574CD94005BF44A /* Sources */ = {
			isa = PBXSourcesBuildPhase;
			buildActionMask = 2147483647;
			files = (
				ECD57D022574D06E005BF44A /* GameViewController.swift in Sources */,
				ECD57CEE2574CD94005BF44A /* ViewController.swift in Sources */,
				ECAAF6782579C85300545ED1 /* Card.swift in Sources */,
				ECD57CEA2574CD94005BF44A /* AppDelegate.swift in Sources */,
				ECD57CEC2574CD94005BF44A /* SceneDelegate.swift in Sources */,
				ECD57CFF2574D042005BF44A /* SettingViewController.swift in Sources */,
				ECD57D052574D09B005BF44A /* ScoreViewController.swift in Sources */,
			);
			runOnlyForDeploymentPostprocessing = 0;
		};
/* End PBXSourcesBuildPhase section */

/* Begin PBXVariantGroup section */
		ECD57CEF2574CD94005BF44A /* Main.storyboard */ = {
			isa = PBXVariantGroup;
			children = (
				ECD57CF02574CD94005BF44A /* Base */,
			);
			name = Main.storyboard;
			sourceTree = "<group>";
		};
		ECD57CF42574CD96005BF44A /* LaunchScreen.storyboard */ = {
			isa = PBXVariantGroup;
			children = (
				ECD57CF52574CD96005BF44A /* Base */,
			);
			name = LaunchScreen.storyboard;
			sourceTree = "<group>";
		};
/* End PBXVariantGroup section */

/* Begin XCBuildConfiguration section */
		ECD57CF82574CD96005BF44A /* Debug */ = {
			isa = XCBuildConfiguration;
			buildSettings = {
				ALWAYS_SEARCH_USER_PATHS = NO;
				CLANG_ANALYZER_NONNULL = YES;
				CLANG_ANALYZER_NUMBER_OBJECT_CONVERSION = YES_AGGRESSIVE;
				CLANG_CXX_LANGUAGE_STANDARD = "gnu++14";
				CLANG_CXX_LIBRARY = "libc++";
				CLANG_ENABLE_MODULES = YES;
				CLANG_ENABLE_OBJC_ARC = YES;
				CLANG_ENABLE_OBJC_WEAK = YES;
				CLANG_WARN_BLOCK_CAPTURE_AUTORELEASING = YES;
				CLANG_WARN_BOOL_CONVERSION = YES;
				CLANG_WARN_COMMA = YES;
				CLANG_WARN_CONSTANT_CONVERSION = YES;
				CLANG_WARN_DEPRECATED_OBJC_IMPLEMENTATIONS = YES;
				CLANG_WARN_DIRECT_OBJC_ISA_USAGE = YES_ERROR;
				CLANG_WARN_DOCUMENTATION_COMMENTS = YES;
				CLANG_WARN_EMPTY_BODY = YES;
				CLANG_WARN_ENUM_CONVERSION = YES;
				CLANG_WARN_INFINITE_RECURSION = YES;
				CLANG_WARN_INT_CONVERSION = YES;
				CLANG_WARN_NON_LITERAL_NULL_CONVERSION = YES;
				CLANG_WARN_OBJC_IMPLICIT_RETAIN_SELF = YES;
				CLANG_WARN_OBJC_LITERAL_CONVERSION = YES;
				CLANG_WARN_OBJC_ROOT_CLASS = YES_ERROR;
				CLANG_WARN_QUOTED_INCLUDE_IN_FRAMEWORK_HEADER = YES;
				CLANG_WARN_RANGE_LOOP_ANALYSIS = YES;
				CLANG_WARN_STRICT_PROTOTYPES = YES;
				CLANG_WARN_SUSPICIOUS_MOVE = YES;
				CLANG_WARN_UNGUARDED_AVAILABILITY = YES_AGGRESSIVE;
				CLANG_WARN_UNREACHABLE_CODE = YES;
				CLANG_WARN__DUPLICATE_METHOD_MATCH = YES;
				COPY_PHASE_STRIP = NO;
				DEBUG_INFORMATION_FORMAT = dwarf;
				ENABLE_STRICT_OBJC_MSGSEND = YES;
				ENABLE_TESTABILITY = YES;
				GCC_C_LANGUAGE_STANDARD = gnu11;
				GCC_DYNAMIC_NO_PIC = NO;
				GCC_NO_COMMON_BLOCKS = YES;
				GCC_OPTIMIZATION_LEVEL = 0;
				GCC_PREPROCESSOR_DEFINITIONS = (
					"DEBUG=1",
					"$(inherited)",
				);
				GCC_WARN_64_TO_32_BIT_CONVERSION = YES;
				GCC_WARN_ABOUT_RETURN_TYPE = YES_ERROR;
				GCC_WARN_UNDECLARED_SELECTOR = YES;
				GCC_WARN_UNINITIALIZED_AUTOS = YES_AGGRESSIVE;
				GCC_WARN_UNUSED_FUNCTION = YES;
				GCC_WARN_UNUSED_VARIABLE = YES;
				IPHONEOS_DEPLOYMENT_TARGET = 14.2;
				MTL_ENABLE_DEBUG_INFO = INCLUDE_SOURCE;
				MTL_FAST_MATH = YES;
				ONLY_ACTIVE_ARCH = YES;
				SDKROOT = iphoneos;
				SWIFT_ACTIVE_COMPILATION_CONDITIONS = DEBUG;
				SWIFT_OPTIMIZATION_LEVEL = "-Onone";
			};
			name = Debug;
		};
		ECD57CF92574CD96005BF44A /* Release */ = {
			isa = XCBuildConfiguration;
			buildSettings = {
				ALWAYS_SEARCH_USER_PATHS = NO;
				CLANG_ANALYZER_NONNULL = YES;
				CLANG_ANALYZER_NUMBER_OBJECT_CONVERSION = YES_AGGRESSIVE;
				CLANG_CXX_LANGUAGE_STANDARD = "gnu++14";
				CLANG_CXX_LIBRARY = "libc++";
				CLANG_ENABLE_MODULES = YES;
				CLANG_ENABLE_OBJC_ARC = YES;
				CLANG_ENABLE_OBJC_WEAK = YES;
				CLANG_WARN_BLOCK_CAPTURE_AUTORELEASING = YES;
				CLANG_WARN_BOOL_CONVERSION = YES;
				CLANG_WARN_COMMA = YES;
				CLANG_WARN_CONSTANT_CONVERSION = YES;
				CLANG_WARN_DEPRECATED_OBJC_IMPLEMENTATIONS = YES;
				CLANG_WARN_DIRECT_OBJC_ISA_USAGE = YES_ERROR;
				CLANG_WARN_DOCUMENTATION_COMMENTS = YES;
				CLANG_WARN_EMPTY_BODY = YES;
				CLANG_WARN_ENUM_CONVERSION = YES;
				CLANG_WARN_INFINITE_RECURSION = YES;
				CLANG_WARN_INT_CONVERSION = YES;
				CLANG_WARN_NON_LITERAL_NULL_CONVERSION = YES;
				CLANG_WARN_OBJC_IMPLICIT_RETAIN_SELF = YES;
				CLANG_WARN_OBJC_LITERAL_CONVERSION = YES;
				CLANG_WARN_OBJC_ROOT_CLASS = YES_ERROR;
				CLANG_WARN_QUOTED_INCLUDE_IN_FRAMEWORK_HEADER = YES;
				CLANG_WARN_RANGE_LOOP_ANALYSIS = YES;
				CLANG_WARN_STRICT_PROTOTYPES = YES;
				CLANG_WARN_SUSPICIOUS_MOVE = YES;
				CLANG_WARN_UNGUARDED_AVAILABILITY = YES_AGGRESSIVE;
				CLANG_WARN_UNREACHABLE_CODE = YES;
				CLANG_WARN__DUPLICATE_METHOD_MATCH = YES;
				COPY_PHASE_STRIP = NO;
				DEBUG_INFORMATION_FORMAT = "dwarf-with-dsym";
				ENABLE_NS_ASSERTIONS = NO;
				ENABLE_STRICT_OBJC_MSGSEND = YES;
				GCC_C_LANGUAGE_STANDARD = gnu11;
				GCC_NO_COMMON_BLOCKS = YES;
				GCC_WARN_64_TO_32_BIT_CONVERSION = YES;
				GCC_WARN_ABOUT_RETURN_TYPE = YES_ERROR;
				GCC_WARN_UNDECLARED_SELECTOR = YES;
				GCC_WARN_UNINITIALIZED_AUTOS = YES_AGGRESSIVE;
				GCC_WARN_UNUSED_FUNCTION = YES;
				GCC_WARN_UNUSED_VARIABLE = YES;
				IPHONEOS_DEPLOYMENT_TARGET = 14.2;
				MTL_ENABLE_DEBUG_INFO = NO;
				MTL_FAST_MATH = YES;
				SDKROOT = iphoneos;
				SWIFT_COMPILATION_MODE = wholemodule;
				SWIFT_OPTIMIZATION_LEVEL = "-O";
				VALIDATE_PRODUCT = YES;
			};
			name = Release;
		};
		ECD57CFB2574CD96005BF44A /* Debug */ = {
			isa = XCBuildConfiguration;
			buildSettings = {
				ASSETCATALOG_COMPILER_APPICON_NAME = AppIcon;
				ASSETCATALOG_COMPILER_GLOBAL_ACCENT_COLOR_NAME = AccentColor;
				CODE_SIGN_STYLE = Automatic;
				INFOPLIST_FILE = PlayingCards/Info.plist;
				LD_RUNPATH_SEARCH_PATHS = (
					"$(inherited)",
					"@executable_path/Frameworks",
				);
				PRODUCT_BUNDLE_IDENTIFIER = com.sophiaweng.PlayingCards;
				PRODUCT_NAME = "$(TARGET_NAME)";
				SWIFT_VERSION = 5.0;
				TARGETED_DEVICE_FAMILY = "1,2";
			};
			name = Debug;
		};
		ECD57CFC2574CD96005BF44A /* Release */ = {
			isa = XCBuildConfiguration;
			buildSettings = {
				ASSETCATALOG_COMPILER_APPICON_NAME = AppIcon;
				ASSETCATALOG_COMPILER_GLOBAL_ACCENT_COLOR_NAME = AccentColor;
				CODE_SIGN_STYLE = Automatic;
				INFOPLIST_FILE = PlayingCards/Info.plist;
				LD_RUNPATH_SEARCH_PATHS = (
					"$(inherited)",
					"@executable_path/Frameworks",
				);
				PRODUCT_BUNDLE_IDENTIFIER = com.sophiaweng.PlayingCards;
				PRODUCT_NAME = "$(TARGET_NAME)";
				SWIFT_VERSION = 5.0;
				TARGETED_DEVICE_FAMILY = "1,2";
			};
			name = Release;
		};
/* End XCBuildConfiguration section */

/* Begin XCConfigurationList section */
		ECD57CE12574CD94005BF44A /* Build configuration list for PBXProject "PlayingCards" */ = {
			isa = XCConfigurationList;
			buildConfigurations = (
				ECD57CF82574CD96005BF44A /* Debug */,
				ECD57CF92574CD96005BF44A /* Release */,
			);
			defaultConfigurationIsVisible = 0;
			defaultConfigurationName = Release;
		};
		ECD57CFA2574CD96005BF44A /* Build configuration list for PBXNativeTarget "PlayingCards" */ = {
			isa = XCConfigurationList;
			buildConfigurations = (
				ECD57CFB2574CD96005BF44A /* Debug */,
				ECD57CFC2574CD96005BF44A /* Release */,
			);
			defaultConfigurationIsVisible = 0;
			defaultConfigurationName = Release;
		};
/* End XCConfigurationList section */
	};
	rootObject = ECD57CDE2574CD94005BF44A /* Project object */;
}
